
Microsoft Visual Studio Solution File, Format Version 12.00
# Visual Studio Version 16
VisualStudioVersion = 16.0.30104.148
MinimumVisualStudioVersion = 10.0.40219.1
Project("{FAE04EC0-301F-11D3-BF4B-00C04F79EFBC}") = "BulkyBook", "BulkyBook\BulkyBook.csproj", "{49C3AB53-77E1-4ACB-B3CD-FE56BA055C6C}"
EndProject
Global
	GlobalSection(SolutionConfigurationPlatforms) = preSolution
		Debug|Any CPU = Debug|Any CPU
		Release|Any CPU = Release|Any CPU
	EndGlobalSection
	GlobalSection(ProjectConfigurationPlatforms) = postSolution
		{49C3AB53-77E1-4ACB-B3CD-FE56BA055C6C}.Debug|Any CPU.ActiveCfg = Debug|Any CPU
		{49C3AB53-77E1-4ACB-B3CD-FE56BA055C6C}.Debug|Any CPU.Build.0 = Debug|Any CPU
		{49C3AB53-77E1-4ACB-B3CD-FE56BA055C6C}.Release|Any CPU.ActiveCfg = Release|Any CPU
		{49C3AB53-77E1-4ACB-B3CD-FE56BA055C6C}.Release|Any CPU.Build.0 = Release|Any CPU
	EndGlobalSection
	GlobalSection(SolutionProperties) = preSolution
		HideSolutionNode = FALSE
	EndGlobalSection
	GlobalSection(ExtensibilityGlobals) = postSolution
		SolutionGuid = {FA1645F2-3DFE-44E2-8517-A27FEBF1B6C0}
	EndGlobalSection
EndGlobal
